
Microsoft Visual Studio Solution File, Format Version 12.00
# Visual Studio Version 17
VisualStudioVersion = 17.4.32804.182
MinimumVisualStudioVersion = 10.0.40219.1
Project("{FAE04EC0-301F-11D3-BF4B-00C04F79EFBC}") = "Variables_CSharp", "Variables_CSharp\Variables_CSharp.csproj", "{37CB72AC-1E3A-4725-AF83-ADDA4D2C51B8}"
EndProject
Global
	GlobalSection(SolutionConfigurationPlatforms) = preSolution
		Debug|Any CPU = Debug|Any CPU
		Release|Any CPU = Release|Any CPU
	EndGlobalSection
	GlobalSection(ProjectConfigurationPlatforms) = postSolution
		{37CB72AC-1E3A-4725-AF83-ADDA4D2C51B8}.Debug|Any CPU.ActiveCfg = Debug|Any CPU
		{37CB72AC-1E3A-4725-AF83-ADDA4D2C51B8}.Debug|Any CPU.Build.0 = Debug|Any CPU
		{37CB72AC-1E3A-4725-AF83-ADDA4D2C51B8}.Release|Any CPU.ActiveCfg = Release|Any CPU
		{37CB72AC-1E3A-4725-AF83-ADDA4D2C51B8}.Release|Any CPU.Build.0 = Release|Any CPU
	EndGlobalSection
	GlobalSection(SolutionProperties) = preSolution
		HideSolutionNode = FALSE
	EndGlobalSection
	GlobalSection(ExtensibilityGlobals) = postSolution
		SolutionGuid = {2B190B1B-5D00-4A45-928B-17E940C0607B}
	EndGlobalSection
EndGlobal
